{
  "name": "mobx-state-tree-todo",
  "version": "0.1.0",
  "lockfileVersion": 1,
  "requires": true,
  "dependencies": {
    "hoist-non-react-statics": {
      "version": "2.3.1",
      "resolved": "https://registry.npmjs.org/hoist-non-react-statics/-/hoist-non-react-statics-2.3.1.tgz",
      "integrity": "sha1-ND24TGAYxlB3iJgkATWhQg7iLOA="
    },
    "mobx": {
      "version": "3.3.2",
      "resolved": "https://registry.npmjs.org/mobx/-/mobx-3.3.2.tgz",
      "integrity": "sha1-6RKp98grLfafGr5lFeyqVRgooCQ="
    },
    "mobx-react": {
      "version": "4.3.5",
      "resolved": "https://registry.npmjs.org/mobx-react/-/mobx-react-4.3.5.tgz",
      "integrity": "sha1-doU/Ly70pvlgw3S82fAeh1kpwEw=",
      "requires": {
        "hoist-non-react-statics": "2.3.1"
      }
    },
    "mobx-state-tree": {
      "version": "1.2.1",
      "resolved": "https://registry.npmjs.org/mobx-state-tree/-/mobx-state-tree-1.2.1.tgz",
      "integrity": "sha1-zhXtXS1+gruD1m3hKiL7VkAPRdE="
    }
  }
}
